
Microsoft Visual Studio Solution File, Format Version 12.00
# Visual Studio Version 16
VisualStudioVersion = 16.0.29509.3
MinimumVisualStudioVersion = 10.0.40219.1
Project("{FAE04EC0-301F-11D3-BF4B-00C04F79EFBC}") = "Operations", "Operations\Operations.csproj", "{6E9486E2-8266-4327-8FCC-EA5E2D91930F}"
EndProject
Project("{FAE04EC0-301F-11D3-BF4B-00C04F79EFBC}") = "Animals", "Animals\Animals.csproj", "{8ABE4A03-ECBB-4191-A872-7084D55C22CA}"
EndProject
Project("{FAE04EC0-301F-11D3-BF4B-00C04F79EFBC}") = "Shapes", "Shapes\Shapes.csproj", "{4FF271E9-6F97-4628-917E-0D5F54FEC68C}"
EndProject
Global
	GlobalSection(SolutionConfigurationPlatforms) = preSolution
		Debug|Any CPU = Debug|Any CPU
		Release|Any CPU = Release|Any CPU
	EndGlobalSection
	GlobalSection(ProjectConfigurationPlatforms) = postSolution
		{6E9486E2-8266-4327-8FCC-EA5E2D91930F}.Debug|Any CPU.ActiveCfg = Debug|Any CPU
		{6E9486E2-8266-4327-8FCC-EA5E2D91930F}.Debug|Any CPU.Build.0 = Debug|Any CPU
		{6E9486E2-8266-4327-8FCC-EA5E2D91930F}.Release|Any CPU.ActiveCfg = Release|Any CPU
		{6E9486E2-8266-4327-8FCC-EA5E2D91930F}.Release|Any CPU.Build.0 = Release|Any CPU
		{8ABE4A03-ECBB-4191-A872-7084D55C22CA}.Debug|Any CPU.ActiveCfg = Debug|Any CPU
		{8ABE4A03-ECBB-4191-A872-7084D55C22CA}.Debug|Any CPU.Build.0 = Debug|Any CPU
		{8ABE4A03-ECBB-4191-A872-7084D55C22CA}.Release|Any CPU.ActiveCfg = Release|Any CPU
		{8ABE4A03-ECBB-4191-A872-7084D55C22CA}.Release|Any CPU.Build.0 = Release|Any CPU
		{4FF271E9-6F97-4628-917E-0D5F54FEC68C}.Debug|Any CPU.ActiveCfg = Debug|Any CPU
		{4FF271E9-6F97-4628-917E-0D5F54FEC68C}.Debug|Any CPU.Build.0 = Debug|Any CPU
		{4FF271E9-6F97-4628-917E-0D5F54FEC68C}.Release|Any CPU.ActiveCfg = Release|Any CPU
		{4FF271E9-6F97-4628-917E-0D5F54FEC68C}.Release|Any CPU.Build.0 = Release|Any CPU
	EndGlobalSection
	GlobalSection(SolutionProperties) = preSolution
		HideSolutionNode = FALSE
	EndGlobalSection
	GlobalSection(ExtensibilityGlobals) = postSolution
		SolutionGuid = {478413C9-E470-4325-A943-538FEF5C2A83}
	EndGlobalSection
EndGlobal
