
Microsoft Visual Studio Solution File, Format Version 12.00
# Visual Studio Version 16
VisualStudioVersion = 16.0.29509.3
MinimumVisualStudioVersion = 10.0.40219.1
Project("{FAE04EC0-301F-11D3-BF4B-00C04F79EFBC}") = "Vehicles", "Vehicles\Vehicles.csproj", "{F868EAC8-CB4A-4C65-A289-2928AA74B310}"
EndProject
Global
	GlobalSection(SolutionConfigurationPlatforms) = preSolution
		Debug|Any CPU = Debug|Any CPU
		Release|Any CPU = Release|Any CPU
	EndGlobalSection
	GlobalSection(ProjectConfigurationPlatforms) = postSolution
		{F868EAC8-CB4A-4C65-A289-2928AA74B310}.Debug|Any CPU.ActiveCfg = Debug|Any CPU
		{F868EAC8-CB4A-4C65-A289-2928AA74B310}.Debug|Any CPU.Build.0 = Debug|Any CPU
		{F868EAC8-CB4A-4C65-A289-2928AA74B310}.Release|Any CPU.ActiveCfg = Release|Any CPU
		{F868EAC8-CB4A-4C65-A289-2928AA74B310}.Release|Any CPU.Build.0 = Release|Any CPU
	EndGlobalSection
	GlobalSection(SolutionProperties) = preSolution
		HideSolutionNode = FALSE
	EndGlobalSection
	GlobalSection(ExtensibilityGlobals) = postSolution
		SolutionGuid = {DFBA6DA6-18B9-49D7-9184-E4F02D8D8EBF}
	EndGlobalSection
EndGlobal
