
Microsoft Visual Studio Solution File, Format Version 12.00
# Visual Studio Version 16
VisualStudioVersion = 16.0.29424.173
MinimumVisualStudioVersion = 10.0.40219.1
Project("{FAE04EC0-301F-11D3-BF4B-00C04F79EFBC}") = "RhombusOfStars", "RhombusOfStars\RhombusOfStars.csproj", "{ABD48F29-4564-48B5-A3A4-D9693702F745}"
EndProject
Global
	GlobalSection(SolutionConfigurationPlatforms) = preSolution
		Debug|Any CPU = Debug|Any CPU
		Release|Any CPU = Release|Any CPU
	EndGlobalSection
	GlobalSection(ProjectConfigurationPlatforms) = postSolution
		{ABD48F29-4564-48B5-A3A4-D9693702F745}.Debug|Any CPU.ActiveCfg = Debug|Any CPU
		{ABD48F29-4564-48B5-A3A4-D9693702F745}.Debug|Any CPU.Build.0 = Debug|Any CPU
		{ABD48F29-4564-48B5-A3A4-D9693702F745}.Release|Any CPU.ActiveCfg = Release|Any CPU
		{ABD48F29-4564-48B5-A3A4-D9693702F745}.Release|Any CPU.Build.0 = Release|Any CPU
	EndGlobalSection
	GlobalSection(SolutionProperties) = preSolution
		HideSolutionNode = FALSE
	EndGlobalSection
	GlobalSection(ExtensibilityGlobals) = postSolution
		SolutionGuid = {11F557FD-A862-46E0-8DA8-5912172884FE}
	EndGlobalSection
EndGlobal
